
Microsoft Visual Studio Solution File, Format Version 12.00
# Visual Studio Version 17
VisualStudioVersion = 17.7.34031.279
MinimumVisualStudioVersion = 10.0.40219.1
Project("{FAE04EC0-301F-11D3-BF4B-00C04F79EFBC}") = "Nhom9_QuanLyQuanCafe", "Nhom9_QuanLyQuanCafe\Nhom9_QuanLyQuanCafe.csproj", "{B1326FE9-AD30-44F5-997F-468AC29F342A}"
EndProject
Project("{FAE04EC0-301F-11D3-BF4B-00C04F79EFBC}") = "DataPlayer", "DataPlayer\DataPlayer.csproj", "{6FCCEF27-5610-465D-9019-CC2C3D2B8631}"
EndProject
Global
	GlobalSection(SolutionConfigurationPlatforms) = preSolution
		Debug|Any CPU = Debug|Any CPU
		Release|Any CPU = Release|Any CPU
	EndGlobalSection
	GlobalSection(ProjectConfigurationPlatforms) = postSolution
		{B1326FE9-AD30-44F5-997F-468AC29F342A}.Debug|Any CPU.ActiveCfg = Debug|Any CPU
		{B1326FE9-AD30-44F5-997F-468AC29F342A}.Debug|Any CPU.Build.0 = Debug|Any CPU
		{B1326FE9-AD30-44F5-997F-468AC29F342A}.Release|Any CPU.ActiveCfg = Release|Any CPU
		{B1326FE9-AD30-44F5-997F-468AC29F342A}.Release|Any CPU.Build.0 = Release|Any CPU
		{6FCCEF27-5610-465D-9019-CC2C3D2B8631}.Debug|Any CPU.ActiveCfg = Debug|Any CPU
		{6FCCEF27-5610-465D-9019-CC2C3D2B8631}.Debug|Any CPU.Build.0 = Debug|Any CPU
		{6FCCEF27-5610-465D-9019-CC2C3D2B8631}.Release|Any CPU.ActiveCfg = Release|Any CPU
		{6FCCEF27-5610-465D-9019-CC2C3D2B8631}.Release|Any CPU.Build.0 = Release|Any CPU
	EndGlobalSection
	GlobalSection(SolutionProperties) = preSolution
		HideSolutionNode = FALSE
	EndGlobalSection
	GlobalSection(ExtensibilityGlobals) = postSolution
		SolutionGuid = {F472CC40-626C-45B5-8216-A63DEC569589}
	EndGlobalSection
EndGlobal
